// !$*UTF8*$!
{
	archiveVersion = 1;
	classes = {
	};
	objectVersion = 46;
	objects = {

/* Begin PBXBuildFile section */
		492617F31B25F34B00C11101 /* TableViewController.swift in Sources */ = {isa = PBXBuildFile; fileRef = 492617F21B25F34B00C11101 /* TableViewController.swift */; };
		492617F51B25F3F900C11101 /* facts.json in Resources */ = {isa = PBXBuildFile; fileRef = 492617F41B25F3F900C11101 /* facts.json */; };
		492617FB1B25F59300C11101 /* Item.swift in Sources */ = {isa = PBXBuildFile; fileRef = 492617FA1B25F59300C11101 /* Item.swift */; };
		492617FD1B25F5B500C11101 /* DataModel.swift in Sources */ = {isa = PBXBuildFile; fileRef = 492617FC1B25F5B500C11101 /* DataModel.swift */; };
		492617FF1B25F6D400C11101 /* JSONParser.swift in Sources */ = {isa = PBXBuildFile; fileRef = 492617FE1B25F6D400C11101 /* JSONParser.swift */; };
		492618011B25F6E600C11101 /* SwiftyJSON.swift in Sources */ = {isa = PBXBuildFile; fileRef = 492618001B25F6E600C11101 /* SwiftyJSON.swift */; };
		492618031B26032400C11101 /* ItemTableViewCell.swift in Sources */ = {isa = PBXBuildFile; fileRef = 492618021B26032400C11101 /* ItemTableViewCell.swift */; };
		495A3C111B25977C00CB7364 /* AppDelegate.swift in Sources */ = {isa = PBXBuildFile; fileRef = 495A3C101B25977C00CB7364 /* AppDelegate.swift */; };
		495A3C161B25977C00CB7364 /* Main.storyboard in Resources */ = {isa = PBXBuildFile; fileRef = 495A3C141B25977C00CB7364 /* Main.storyboard */; };
		495A3C181B25977C00CB7364 /* Images.xcassets in Resources */ = {isa = PBXBuildFile; fileRef = 495A3C171B25977C00CB7364 /* Images.xcassets */; };
		495A3C1B1B25977C00CB7364 /* LaunchScreen.xib in Resources */ = {isa = PBXBuildFile; fileRef = 495A3C191B25977C00CB7364 /* LaunchScreen.xib */; };
		495A3C271B25977C00CB7364 /* IOSTranningTests.swift in Sources */ = {isa = PBXBuildFile; fileRef = 495A3C261B25977C00CB7364 /* IOSTranningTests.swift */; };
		49A8DCFA1B395C7E0013FD8A /* ItemDetailViewController.swift in Sources */ = {isa = PBXBuildFile; fileRef = 49A8DCF91B395C7E0013FD8A /* ItemDetailViewController.swift */; };
/* End PBXBuildFile section */

/* Begin PBXContainerItemProxy section */
		495A3C211B25977C00CB7364 /* PBXContainerItemProxy */ = {
			isa = PBXContainerItemProxy;
			containerPortal = 495A3C031B25977C00CB7364 /* Project object */;
			proxyType = 1;
			remoteGlobalIDString = 495A3C0A1B25977C00CB7364;
			remoteInfo = IOSTranning;
		};
/* End PBXContainerItemProxy section */

/* Begin PBXFileReference section */
		492617F21B25F34B00C11101 /* TableViewController.swift */ = {isa = PBXFileReference; fileEncoding = 4; lastKnownFileType = sourcecode.swift; path = TableViewController.swift; sourceTree = "<group>"; };
		492617F41B25F3F900C11101 /* facts.json */ = {isa = PBXFileReference; fileEncoding = 4; lastKnownFileType = text.json; path = facts.json; sourceTree = "<group>"; };
		492617FA1B25F59300C11101 /* Item.swift */ = {isa = PBXFileReference; fileEncoding = 4; lastKnownFileType = sourcecode.swift; path = Item.swift; sourceTree = "<group>"; };
		492617FC1B25F5B500C11101 /* DataModel.swift */ = {isa = PBXFileReference; fileEncoding = 4; lastKnownFileType = sourcecode.swift; path = DataModel.swift; sourceTree = "<group>"; };
		492617FE1B25F6D400C11101 /* JSONParser.swift */ = {isa = PBXFileReference; fileEncoding = 4; lastKnownFileType = sourcecode.swift; path = JSONParser.swift; sourceTree = "<group>"; };
		492618001B25F6E600C11101 /* SwiftyJSON.swift */ = {isa = PBXFileReference; fileEncoding = 4; lastKnownFileType = sourcecode.swift; path = SwiftyJSON.swift; sourceTree = "<group>"; };
		492618021B26032400C11101 /* ItemTableViewCell.swift */ = {isa = PBXFileReference; fileEncoding = 4; lastKnownFileType = sourcecode.swift; path = ItemTableViewCell.swift; sourceTree = "<group>"; };
		495A3C0B1B25977C00CB7364 /* IOSTranning.app */ = {isa = PBXFileReference; explicitFileType = wrapper.application; includeInIndex = 0; path = IOSTranning.app; sourceTree = BUILT_PRODUCTS_DIR; };
		495A3C0F1B25977C00CB7364 /* Info.plist */ = {isa = PBXFileReference; lastKnownFileType = text.plist.xml; path = Info.plist; sourceTree = "<group>"; };
		495A3C101B25977C00CB7364 /* AppDelegate.swift */ = {isa = PBXFileReference; lastKnownFileType = sourcecode.swift; path = AppDelegate.swift; sourceTree = "<group>"; };
		495A3C151B25977C00CB7364 /* Base */ = {isa = PBXFileReference; lastKnownFileType = file.storyboard; name = Base; path = Base.lproj/Main.storyboard; sourceTree = "<group>"; };
		495A3C171B25977C00CB7364 /* Images.xcassets */ = {isa = PBXFileReference; lastKnownFileType = folder.assetcatalog; path = Images.xcassets; sourceTree = "<group>"; };
		495A3C1A1B25977C00CB7364 /* Base */ = {isa = PBXFileReference; lastKnownFileType = file.xib; name = Base; path = Base.lproj/LaunchScreen.xib; sourceTree = "<group>"; };
		495A3C201B25977C00CB7364 /* IOSTranningTests.xctest */ = {isa = PBXFileReference; explicitFileType = wrapper.cfbundle; includeInIndex = 0; path = IOSTranningTests.xctest; sourceTree = BUILT_PRODUCTS_DIR; };
		495A3C251B25977C00CB7364 /* Info.plist */ = {isa = PBXFileReference; lastKnownFileType = text.plist.xml; path = Info.plist; sourceTree = "<group>"; };
		495A3C261B25977C00CB7364 /* IOSTranningTests.swift */ = {isa = PBXFileReference; lastKnownFileType = sourcecode.swift; path = IOSTranningTests.swift; sourceTree = "<group>"; };
		49A8DCF91B395C7E0013FD8A /* ItemDetailViewController.swift */ = {isa = PBXFileReference; fileEncoding = 4; lastKnownFileType = sourcecode.swift; path = ItemDetailViewController.swift; sourceTree = "<group>"; };
/* End PBXFileReference section */

/* Begin PBXFrameworksBuildPhase section */
		495A3C081B25977C00CB7364 /* Frameworks */ = {
			isa = PBXFrameworksBuildPhase;
			buildActionMask = 2147483647;
			files = (
			);
			runOnlyForDeploymentPostprocessing = 0;
		};
		495A3C1D1B25977C00CB7364 /* Frameworks */ = {
			isa = PBXFrameworksBuildPhase;
			buildActionMask = 2147483647;
			files = (
			);
			runOnlyForDeploymentPostprocessing = 0;
		};
/* End PBXFrameworksBuildPhase section */

/* Begin PBXGroup section */
		492618041B261A6E00C11101 /* Model */ = {
			isa = PBXGroup;
			children = (
				492617F41B25F3F900C11101 /* facts.json */,
				492617FA1B25F59300C11101 /* Item.swift */,
				492617FC1B25F5B500C11101 /* DataModel.swift */,
			);
			name = Model;
			sourceTree = "<group>";
		};
		492618051B261A9800C11101 /* View */ = {
			isa = PBXGroup;
			children = (
				492618021B26032400C11101 /* ItemTableViewCell.swift */,
				492617F21B25F34B00C11101 /* TableViewController.swift */,
				49A8DCF91B395C7E0013FD8A /* ItemDetailViewController.swift */,
				495A3C141B25977C00CB7364 /* Main.storyboard */,
			);
			name = View;
			sourceTree = "<group>";
		};
		492618061B261AAF00C11101 /* Tools */ = {
			isa = PBXGroup;
			children = (
				492617FE1B25F6D400C11101 /* JSONParser.swift */,
				492618001B25F6E600C11101 /* SwiftyJSON.swift */,
			);
			name = Tools;
			sourceTree = "<group>";
		};
		495A3C021B25977C00CB7364 = {
			isa = PBXGroup;
			children = (
				495A3C0D1B25977C00CB7364 /* IOSTranning */,
				495A3C231B25977C00CB7364 /* IOSTranningTests */,
				495A3C0C1B25977C00CB7364 /* Products */,
			);
			sourceTree = "<group>";
		};
		495A3C0C1B25977C00CB7364 /* Products */ = {
			isa = PBXGroup;
			children = (
				495A3C0B1B25977C00CB7364 /* IOSTranning.app */,
				495A3C201B25977C00CB7364 /* IOSTranningTests.xctest */,
			);
			name = Products;
			sourceTree = "<group>";
		};
		495A3C0D1B25977C00CB7364 /* IOSTranning */ = {
			isa = PBXGroup;
			children = (
				492618061B261AAF00C11101 /* Tools */,
				492618051B261A9800C11101 /* View */,
				492618041B261A6E00C11101 /* Model */,
				495A3C101B25977C00CB7364 /* AppDelegate.swift */,
				495A3C171B25977C00CB7364 /* Images.xcassets */,
				495A3C191B25977C00CB7364 /* LaunchScreen.xib */,
				495A3C0E1B25977C00CB7364 /* Supporting Files */,
			);
			path = IOSTranning;
			sourceTree = "<group>";
		};
		495A3C0E1B25977C00CB7364 /* Supporting Files */ = {
			isa = PBXGroup;
			children = (
				495A3C0F1B25977C00CB7364 /* Info.plist */,
			);
			name = "Supporting Files";
			sourceTree = "<group>";
		};
		495A3C231B25977C00CB7364 /* IOSTranningTests */ = {
			isa = PBXGroup;
			children = (
				495A3C261B25977C00CB7364 /* IOSTranningTests.swift */,
				495A3C241B25977C00CB7364 /* Supporting Files */,
			);
			path = IOSTranningTests;
			sourceTree = "<group>";
		};
		495A3C241B25977C00CB7364 /* Supporting Files */ = {
			isa = PBXGroup;
			children = (
				495A3C251B25977C00CB7364 /* Info.plist */,
			);
			name = "Supporting Files";
			sourceTree = "<group>";
		};
/* End PBXGroup section */

/* Begin PBXNativeTarget section */
		495A3C0A1B25977C00CB7364 /* IOSTranning */ = {
			isa = PBXNativeTarget;
			buildConfigurationList = 495A3C2A1B25977C00CB7364 /* Build configuration list for PBXNativeTarget "IOSTranning" */;
			buildPhases = (
				495A3C071B25977C00CB7364 /* Sources */,
				495A3C081B25977C00CB7364 /* Frameworks */,
				495A3C091B25977C00CB7364 /* Resources */,
			);
			buildRules = (
			);
			dependencies = (
			);
			name = IOSTranning;
			productName = IOSTranning;
			productReference = 495A3C0B1B25977C00CB7364 /* IOSTranning.app */;
			productType = "com.apple.product-type.application";
		};
		495A3C1F1B25977C00CB7364 /* IOSTranningTests */ = {
			isa = PBXNativeTarget;
			buildConfigurationList = 495A3C2D1B25977C00CB7364 /* Build configuration list for PBXNativeTarget "IOSTranningTests" */;
			buildPhases = (
				495A3C1C1B25977C00CB7364 /* Sources */,
				495A3C1D1B25977C00CB7364 /* Frameworks */,
				495A3C1E1B25977C00CB7364 /* Resources */,
			);
			buildRules = (
			);
			dependencies = (
				495A3C221B25977C00CB7364 /* PBXTargetDependency */,
			);
			name = IOSTranningTests;
			productName = IOSTranningTests;
			productReference = 495A3C201B25977C00CB7364 /* IOSTranningTests.xctest */;
			productType = "com.apple.product-type.bundle.unit-test";
		};
/* End PBXNativeTarget section */

/* Begin PBXProject section */
		495A3C031B25977C00CB7364 /* Project object */ = {
			isa = PBXProject;
			attributes = {
				LastUpgradeCheck = 0630;
				ORGANIZATIONNAME = twer;
				TargetAttributes = {
					495A3C0A1B25977C00CB7364 = {
						CreatedOnToolsVersion = 6.3.2;
					};
					495A3C1F1B25977C00CB7364 = {
						CreatedOnToolsVersion = 6.3.2;
						TestTargetID = 495A3C0A1B25977C00CB7364;
					};
				};
			};
			buildConfigurationList = 495A3C061B25977C00CB7364 /* Build configuration list for PBXProject "IOSTranning" */;
			compatibilityVersion = "Xcode 3.2";
			developmentRegion = English;
			hasScannedForEncodings = 0;
			knownRegions = (
				en,
				Base,
			);
			mainGroup = 495A3C021B25977C00CB7364;
			productRefGroup = 495A3C0C1B25977C00CB7364 /* Products */;
			projectDirPath = "";
			projectRoot = "";
			targets = (
				495A3C0A1B25977C00CB7364 /* IOSTranning */,
				495A3C1F1B25977C00CB7364 /* IOSTranningTests */,
			);
		};
/* End PBXProject section */

/* Begin PBXResourcesBuildPhase section */
		495A3C091B25977C00CB7364 /* Resources */ = {
			isa = PBXResourcesBuildPhase;
			buildActionMask = 2147483647;
			files = (
				495A3C161B25977C00CB7364 /* Main.storyboard in Resources */,
				495A3C1B1B25977C00CB7364 /* LaunchScreen.xib in Resources */,
				495A3C181B25977C00CB7364 /* Images.xcassets in Resources */,
				492617F51B25F3F900C11101 /* facts.json in Resources */,
			);
			runOnlyForDeploymentPostprocessing = 0;
		};
		495A3C1E1B25977C00CB7364 /* Resources */ = {
			isa = PBXResourcesBuildPhase;
			buildActionMask = 2147483647;
			files = (
			);
			runOnlyForDeploymentPostprocessing = 0;
		};
/* End PBXResourcesBuildPhase section */

/* Begin PBXSourcesBuildPhase section */
		495A3C071B25977C00CB7364 /* Sources */ = {
			isa = PBXSourcesBuildPhase;
			buildActionMask = 2147483647;
			files = (
				492617FD1B25F5B500C11101 /* DataModel.swift in Sources */,
				492617FB1B25F59300C11101 /* Item.swift in Sources */,
				49A8DCFA1B395C7E0013FD8A /* ItemDetailViewController.swift in Sources */,
				492617FF1B25F6D400C11101 /* JSONParser.swift in Sources */,
				492618031B26032400C11101 /* ItemTableViewCell.swift in Sources */,
				492617F31B25F34B00C11101 /* TableViewController.swift in Sources */,
				492618011B25F6E600C11101 /* SwiftyJSON.swift in Sources */,
				495A3C111B25977C00CB7364 /* AppDelegate.swift in Sources */,
			);
			runOnlyForDeploymentPostprocessing = 0;
		};
		495A3C1C1B25977C00CB7364 /* Sources */ = {
			isa = PBXSourcesBuildPhase;
			buildActionMask = 2147483647;
			files = (
				495A3C271B25977C00CB7364 /* IOSTranningTests.swift in Sources */,
			);
			runOnlyForDeploymentPostprocessing = 0;
		};
/* End PBXSourcesBuildPhase section */

/* Begin PBXTargetDependency section */
		495A3C221B25977C00CB7364 /* PBXTargetDependency */ = {
			isa = PBXTargetDependency;
			target = 495A3C0A1B25977C00CB7364 /* IOSTranning */;
			targetProxy = 495A3C211B25977C00CB7364 /* PBXContainerItemProxy */;
		};
/* End PBXTargetDependency section */

/* Begin PBXVariantGroup section */
		495A3C141B25977C00CB7364 /* Main.storyboard */ = {
			isa = PBXVariantGroup;
			children = (
				495A3C151B25977C00CB7364 /* Base */,
			);
			name = Main.storyboard;
			sourceTree = "<group>";
		};
		495A3C191B25977C00CB7364 /* LaunchScreen.xib */ = {
			isa = PBXVariantGroup;
			children = (
				495A3C1A1B25977C00CB7364 /* Base */,
			);
			name = LaunchScreen.xib;
			sourceTree = "<group>";
		};
/* End PBXVariantGroup section */

/* Begin XCBuildConfiguration section */
		495A3C281B25977C00CB7364 /* Debug */ = {
			isa = XCBuildConfiguration;
			buildSettings = {
				ALWAYS_SEARCH_USER_PATHS = NO;
				CLANG_CXX_LANGUAGE_STANDARD = "gnu++0x";
				CLANG_CXX_LIBRARY = "libc++";
				CLANG_ENABLE_MODULES = YES;
				CLANG_ENABLE_OBJC_ARC = YES;
				CLANG_WARN_BOOL_CONVERSION = YES;
				CLANG_WARN_CONSTANT_CONVERSION = YES;
				CLANG_WARN_DIRECT_OBJC_ISA_USAGE = YES_ERROR;
				CLANG_WARN_EMPTY_BODY = YES;
				CLANG_WARN_ENUM_CONVERSION = YES;
				CLANG_WARN_INT_CONVERSION = YES;
				CLANG_WARN_OBJC_ROOT_CLASS = YES_ERROR;
				CLANG_WARN_UNREACHABLE_CODE = YES;
				CLANG_WARN__DUPLICATE_METHOD_MATCH = YES;
				"CODE_SIGN_IDENTITY[sdk=iphoneos*]" = "iPhone Developer";
				COPY_PHASE_STRIP = NO;
				DEBUG_INFORMATION_FORMAT = "dwarf-with-dsym";
				ENABLE_STRICT_OBJC_MSGSEND = YES;
				GCC_C_LANGUAGE_STANDARD = gnu99;
				GCC_DYNAMIC_NO_PIC = NO;
				GCC_NO_COMMON_BLOCKS = YES;
				GCC_OPTIMIZATION_LEVEL = 0;
				GCC_PREPROCESSOR_DEFINITIONS = (
					"DEBUG=1",
					"$(inherited)",
				);
				GCC_SYMBOLS_PRIVATE_EXTERN = NO;
				GCC_WARN_64_TO_32_BIT_CONVERSION = YES;
				GCC_WARN_ABOUT_RETURN_TYPE = YES_ERROR;
				GCC_WARN_UNDECLARED_SELECTOR = YES;
				GCC_WARN_UNINITIALIZED_AUTOS = YES_AGGRESSIVE;
				GCC_WARN_UNUSED_FUNCTION = YES;
				GCC_WARN_UNUSED_VARIABLE = YES;
				IPHONEOS_DEPLOYMENT_TARGET = 8.3;
				MTL_ENABLE_DEBUG_INFO = YES;
				ONLY_ACTIVE_ARCH = YES;
				SDKROOT = iphoneos;
				SWIFT_OPTIMIZATION_LEVEL = "-Onone";
			};
			name = Debug;
		};
		495A3C291B25977C00CB7364 /* Release */ = {
			isa = XCBuildConfiguration;
			buildSettings = {
				ALWAYS_SEARCH_USER_PATHS = NO;
				CLANG_CXX_LANGUAGE_STANDARD = "gnu++0x";
				CLANG_CXX_LIBRARY = "libc++";
				CLANG_ENABLE_MODULES = YES;
				CLANG_ENABLE_OBJC_ARC = YES;
				CLANG_WARN_BOOL_CONVERSION = YES;
				CLANG_WARN_CONSTANT_CONVERSION = YES;
				CLANG_WARN_DIRECT_OBJC_ISA_USAGE = YES_ERROR;
				CLANG_WARN_EMPTY_BODY = YES;
				CLANG_WARN_ENUM_CONVERSION = YES;
				CLANG_WARN_INT_CONVERSION = YES;
				CLANG_WARN_OBJC_ROOT_CLASS = YES_ERROR;
				CLANG_WARN_UNREACHABLE_CODE = YES;
				CLANG_WARN__DUPLICATE_METHOD_MATCH = YES;
				"CODE_SIGN_IDENTITY[sdk=iphoneos*]" = "iPhone Developer";
				COPY_PHASE_STRIP = NO;
				DEBUG_INFORMATION_FORMAT = "dwarf-with-dsym";
				ENABLE_NS_ASSERTIONS = NO;
				ENABLE_STRICT_OBJC_MSGSEND = YES;
				GCC_C_LANGUAGE_STANDARD = gnu99;
				GCC_NO_COMMON_BLOCKS = YES;
				GCC_WARN_64_TO_32_BIT_CONVERSION = YES;
				GCC_WARN_ABOUT_RETURN_TYPE = YES_ERROR;
				GCC_WARN_UNDECLARED_SELECTOR = YES;
				GCC_WARN_UNINITIALIZED_AUTOS = YES_AGGRESSIVE;
				GCC_WARN_UNUSED_FUNCTION = YES;
				GCC_WARN_UNUSED_VARIABLE = YES;
				IPHONEOS_DEPLOYMENT_TARGET = 8.3;
				MTL_ENABLE_DEBUG_INFO = NO;
				SDKROOT = iphoneos;
				VALIDATE_PRODUCT = YES;
			};
			name = Release;
		};
		495A3C2B1B25977C00CB7364 /* Debug */ = {
			isa = XCBuildConfiguration;
			buildSettings = {
				ASSETCATALOG_COMPILER_APPICON_NAME = AppIcon;
				INFOPLIST_FILE = IOSTranning/Info.plist;
				LD_RUNPATH_SEARCH_PATHS = "$(inherited) @executable_path/Frameworks";
				PRODUCT_NAME = "$(TARGET_NAME)";
			};
			name = Debug;
		};
		495A3C2C1B25977C00CB7364 /* Release */ = {
			isa = XCBuildConfiguration;
			buildSettings = {
				ASSETCATALOG_COMPILER_APPICON_NAME = AppIcon;
				INFOPLIST_FILE = IOSTranning/Info.plist;
				LD_RUNPATH_SEARCH_PATHS = "$(inherited) @executable_path/Frameworks";
				PRODUCT_NAME = "$(TARGET_NAME)";
			};
			name = Release;
		};
		495A3C2E1B25977C00CB7364 /* Debug */ = {
			isa = XCBuildConfiguration;
			buildSettings = {
				BUNDLE_LOADER = "$(TEST_HOST)";
				FRAMEWORK_SEARCH_PATHS = (
					"$(SDKROOT)/Developer/Library/Frameworks",
					"$(inherited)",
				);
				GCC_PREPROCESSOR_DEFINITIONS = (
					"DEBUG=1",
					"$(inherited)",
				);
				INFOPLIST_FILE = IOSTranningTests/Info.plist;
				LD_RUNPATH_SEARCH_PATHS = "$(inherited) @executable_path/Frameworks @loader_path/Frameworks";
				PRODUCT_NAME = "$(TARGET_NAME)";
				TEST_HOST = "$(BUILT_PRODUCTS_DIR)/IOSTranning.app/IOSTranning";
			};
			name = Debug;
		};
		495A3C2F1B25977C00CB7364 /* Release */ = {
			isa = XCBuildConfiguration;
			buildSettings = {
				BUNDLE_LOADER = "$(TEST_HOST)";
				FRAMEWORK_SEARCH_PATHS = (
					"$(SDKROOT)/Developer/Library/Frameworks",
					"$(inherited)",
				);
				INFOPLIST_FILE = IOSTranningTests/Info.plist;
				LD_RUNPATH_SEARCH_PATHS = "$(inherited) @executable_path/Frameworks @loader_path/Frameworks";
				PRODUCT_NAME = "$(TARGET_NAME)";
				TEST_HOST = "$(BUILT_PRODUCTS_DIR)/IOSTranning.app/IOSTranning";
			};
			name = Release;
		};
/* End XCBuildConfiguration section */

/* Begin XCConfigurationList section */
		495A3C061B25977C00CB7364 /* Build configuration list for PBXProject "IOSTranning" */ = {
			isa = XCConfigurationList;
			buildConfigurations = (
				495A3C281B25977C00CB7364 /* Debug */,
				495A3C291B25977C00CB7364 /* Release */,
			);
			defaultConfigurationIsVisible = 0;
			defaultConfigurationName = Release;
		};
		495A3C2A1B25977C00CB7364 /* Build configuration list for PBXNativeTarget "IOSTranning" */ = {
			isa = XCConfigurationList;
			buildConfigurations = (
				495A3C2B1B25977C00CB7364 /* Debug */,
				495A3C2C1B25977C00CB7364 /* Release */,
			);
			defaultConfigurationIsVisible = 0;
			defaultConfigurationName = Release;
		};
		495A3C2D1B25977C00CB7364 /* Build configuration list for PBXNativeTarget "IOSTranningTests" */ = {
			isa = XCConfigurationList;
			buildConfigurations = (
				495A3C2E1B25977C00CB7364 /* Debug */,
				495A3C2F1B25977C00CB7364 /* Release */,
			);
			defaultConfigurationIsVisible = 0;
			defaultConfigurationName = Release;
		};
/* End XCConfigurationList section */
	};
	rootObject = 495A3C031B25977C00CB7364 /* Project object */;
}
